
Microsoft Visual Studio Solution File, Format Version 12.00
# Visual Studio Version 16
VisualStudioVersion = 16.0.31624.102
MinimumVisualStudioVersion = 10.0.40219.1
Project("{FAE04EC0-301F-11D3-BF4B-00C04F79EFBC}") = "Assignment2_n01489893", "Assignment2_n01489893\Assignment2_n01489893.csproj", "{E8CACAC4-6C27-45AE-9BF0-9609F356DC50}"
EndProject
Global
	GlobalSection(SolutionConfigurationPlatforms) = preSolution
		Debug|Any CPU = Debug|Any CPU
		Release|Any CPU = Release|Any CPU
	EndGlobalSection
	GlobalSection(ProjectConfigurationPlatforms) = postSolution
		{E8CACAC4-6C27-45AE-9BF0-9609F356DC50}.Debug|Any CPU.ActiveCfg = Debug|Any CPU
		{E8CACAC4-6C27-45AE-9BF0-9609F356DC50}.Debug|Any CPU.Build.0 = Debug|Any CPU
		{E8CACAC4-6C27-45AE-9BF0-9609F356DC50}.Release|Any CPU.ActiveCfg = Release|Any CPU
		{E8CACAC4-6C27-45AE-9BF0-9609F356DC50}.Release|Any CPU.Build.0 = Release|Any CPU
	EndGlobalSection
	GlobalSection(SolutionProperties) = preSolution
		HideSolutionNode = FALSE
	EndGlobalSection
	GlobalSection(ExtensibilityGlobals) = postSolution
		SolutionGuid = {B4439673-4DA4-4838-9B8E-2DA1C61889C7}
	EndGlobalSection
EndGlobal
